<?xml version="1.0" encoding="utf-8"?>
<Project ToolsVersion="4.0" xmlns="http://schemas.microsoft.com/developer/msbuild/2003">
  <ItemGroup>
    <Filter Include="system">
      <UniqueIdentifier>{f934a5fd-3201-4637-a8b8-106e0ed160da}</UniqueIdentifier>
    </Filter>
  </ItemGroup>
  <ItemGroup>
    <ClInclude Include="targetver.h" />
    <ClInclude Include="system\GraphicsEngine.h" />
    <ClInclude Include="DWstdafx.h" />
    <ClInclude Include="Graphic\Model\SkinModel.h" />
    <ClInclude Include="math\kMath.h" />
    <ClInclude Include="math\Matrix.h" />
    <ClInclude Include="math\Vector.h" />
    <ClInclude Include="FPS\CFpsCounter.h" />
    <ClInclude Include="Engine.h" />
    <ClInclude Include="Graphic\Model\SkinModelDataManager.h" />
    <ClInclude Include="Graphic\Model\Skeleton.h" />
    <ClInclude Include="Graphic\Model\SkinModelEffect.h" />
    <ClInclude Include="Graphic\Shader\Shader.h" />
    <ClInclude Include="Graphic\Shader\ShaderResources.h" />
    <ClInclude Include="Graphic\Model\SkinModelShaderConst.h" />
    <ClInclude Include="util\Util.h" />
    <ClInclude Include="system\GameObject.h" />
    <ClInclude Include="Render\IRander.h" />
    <ClInclude Include="Render\D3Render.h" />
    <ClInclude Include="Camera\CameraManager.h" />
    <ClInclude Include="Render\GBufferRender.h" />
    <ClInclude Include="Render\DefferdRender.h" />
    <ClInclude Include="Graphic\CPrimitive.h" />
    <ClInclude Include="Render\MotionBlurRender.h" />
    <ClInclude Include="Render\FinalRender.h" />
    <ClInclude Include="physics\CapsuleCollider.h" />
    <ClInclude Include="physics\CollisionAttr.h" />
    <ClInclude Include="physics\ICollider.h" />
    <ClInclude Include="physics\Physics.h" />
    <ClInclude Include="physics\PhysicsStaticObject.h" />
    <ClInclude Include="physics\RigidBody.h" />
    <ClInclude Include="Render\ShadowMapRender.h" />
    <ClInclude Include="Graphic\Model\animation\Animation.h" />
    <ClInclude Include="Graphic\Model\animation\AnimationClip.h" />
    <ClInclude Include="Graphic\Model\animation\AnimationPlayController.h" />
    <ClInclude Include="Input\MouseCursor.h" />
    <ClInclude Include="Input\XInput.h" />
    <ClInclude Include="Input\Input.h" />
    <ClInclude Include="Input\KeyState.h" />
    <ClInclude Include="Graphic\Light\Lights.h" />
    <ClInclude Include="Render\AmbientOcclusionRender.h" />
    <ClInclude Include="Graphic\Model\Render\CSkinModelRender.h" />
    <ClInclude Include="Graphic\Model\animation\AnimationController.h" />
    <ClInclude Include="physics\PhysicsBaseObject.h" />
    <ClInclude Include="level\Level.h" />
    <ClInclude Include="level\MapChip.h" />
    <ClInclude Include="physics\BoxCollider.h" />
    <ClInclude Include="physics\SphereCollider.h" />
    <ClInclude Include="physics\MeshCollider.h" />
    <ClInclude Include="physics\MeshCollider.h" />
    <ClInclude Include="physics\character\CCharacterController.h" />
    <ClInclude Include="physics\PhysicsGhostObject.h" />
    <ClInclude Include="physics\PhysicsDynamicObject.h" />
    <ClInclude Include="physics\PhysicsDebugDraw.h" />
    <ClInclude Include="Render\PhysicsDebugDrawRender.h" />
    <ClInclude Include="Graphic\Font\CFont.h" />
    <ClInclude Include="Graphic\Model\CoordinateSystemBias.h" />
    <ClInclude Include="collision\CCollisionObj.h" />
    <ClInclude Include="Render\CameraSwitchRender.h" />
    <ClInclude Include="Graphic\Sprite\CSprite.h" />
    <ClInclude Include="Graphic\Effekseer\EffekseerManager.h" />
    <ClInclude Include="Sound\SoundEngine.h" />
    <ClInclude Include="Graphic\Effekseer\CEffekseer.h" />
    <ClInclude Include="Render\EffekseerRender.h" />
    <ClInclude Include="Graphic\Shader\ShaderUtil.h" />
    <ClInclude Include="Network\PhotonManager.h" />
    <ClInclude Include="Error\Error.h" />
    <ClInclude Include="Render\GaussianBlurRender.h" />
    <ClInclude Include="Graphic\Model\MaterialSetting.h" />
    <ClInclude Include="Graphic\Shadowmap\CShadowMap.h" />
    <ClInclude Include="Graphic\Shadowmap\ShadowMapHandler.h" />
    <ClInclude Include="Sound\WAVManager.h" />
    <ClInclude Include="Sound\CSound.h" />
    <ClInclude Include="Graphic\Shadowmap\CascadeShadowMap.h" />
    <ClInclude Include="Render\ConvertLinearToSRGBRender.h" />
    <ClInclude Include="Graphic\Model\Render\CInstancingModelRender.h" />
    <ClInclude Include="Graphic\Shadowmap\CascadeShadowHandler.h" />
    <ClInclude Include="Graphic\Sky\CSkybox.h" />
    <ClInclude Include="physics2\MeshData.h" />
    <ClInclude Include="physics2\Physics2.h" />
    <ClInclude Include="physics2\IPhysicsObject.h" />
    <ClInclude Include="Graphic\CLine.h" />
    <ClInclude Include="Render\PrimitiveRender.h" />
    <ClInclude Include="Render\BloomRender.h" />
    <ClInclude Include="Render\DepthOfFieldRender.h" />
    <ClInclude Include="Graphic\Model\SkeletonIK.h" />
    <ClInclude Include="Graphic\Billboard\CBillboard.h" />
    <ClInclude Include="Graphic\Billboard\CImposter.h" />
    <ClInclude Include="Graphic\Model\SkinModelEffectShader.h" />
    <ClInclude Include="Graphic\FrustumCulling.h" />
    <ClInclude Include="DWVersion.h" />
    <ClInclude Include="math\Plane.h" />
    <ClInclude Include="Render\PostDrawModelRender.h" />
    <ClInclude Include="Graphic\Factory\TextureFactory.h" />
    <ClInclude Include="Graphic\Particle\CParticle.h" />
    <ClInclude Include="Timer\CDeleteTimer.h" />
    <ClInclude Include="Graphic\IDrawer.h" />
    <ClInclude Include="Render\InitRender.h" />
    <ClInclude Include="Graphic\Shader\StructuredBuffer.h" />
    <ClInclude Include="Render\PreRenderRender.h" />
    <ClInclude Include="Render\HUDRender.h" />
    <ClInclude Include="Macro\Macro.h" />
    <ClInclude Include="Graphic\Shader\ShaderPreloader.h" />
    <ClInclude Include="Render\DX12Render.h" />
    <ClInclude Include="GraphicsAPI\DirectX12\d3dx12.h" />
    <ClInclude Include="GraphicsAPI\DirectX12\DX12Test.h" />
    <ClInclude Include="GraphicsAPI\IGraphicsAPI.h" />
    <ClInclude Include="GraphicsAPI\DirectX11\DX11Test.h" />
  </ItemGroup>
  <ItemGroup>
    <ClCompile Include="system\GraphicsEngine.cpp" />
    <ClCompile Include="DWstdafx.cpp" />
    <ClCompile Include="Graphic\Model\SkinModel.cpp" />
    <ClCompile Include="math\kMath.cpp" />
    <ClCompile Include="math\Matrix.cpp" />
    <ClCompile Include="math\Vector.cpp" />
    <ClCompile Include="FPS\CFpsCounter.cpp" />
    <ClCompile Include="Engine.cpp" />
    <ClCompile Include="Graphic\Model\SkinModelDataManager.cpp" />
    <ClCompile Include="Graphic\Model\Skeleton.cpp" />
    <ClCompile Include="Graphic\Model\SkinModelEffect.cpp" />
    <ClCompile Include="Graphic\Shader\Shader.cpp" />
    <ClCompile Include="Graphic\Shader\ShaderResources.cpp" />
    <ClCompile Include="system\GameObject.cpp" />
    <ClCompile Include="Render\IRander.cpp" />
    <ClCompile Include="Render\D3Render.cpp" />
    <ClCompile Include="Camera\CameraManager.cpp" />
    <ClCompile Include="Render\GBufferRender.cpp" />
    <ClCompile Include="Render\DefferdRender.cpp" />
    <ClCompile Include="Graphic\CPrimitive.cpp" />
    <ClCompile Include="Render\MotionBlurRender.cpp" />
    <ClCompile Include="Render\FinalRender.cpp" />
    <ClCompile Include="physics\CapsuleCollider.cpp" />
    <ClCompile Include="physics\Physics.cpp" />
    <ClCompile Include="physics\PhysicsStaticObject.cpp" />
    <ClCompile Include="physics\RigidBody.cpp" />
    <ClCompile Include="Render\ShadowMapRender.cpp" />
    <ClCompile Include="Graphic\Model\animation\Animation.cpp" />
    <ClCompile Include="Graphic\Model\animation\AnimationClip.cpp" />
    <ClCompile Include="Graphic\Model\animation\AnimationPlayController.cpp" />
    <ClCompile Include="Input\MouseCursor.cpp" />
    <ClCompile Include="Input\XInput.cpp" />
    <ClCompile Include="Input\Input.cpp" />
    <ClCompile Include="Input\KeyState.cpp" />
    <ClCompile Include="Graphic\Light\Lights.cpp" />
    <ClCompile Include="Render\AmbientOcclusionRender.cpp" />
    <ClCompile Include="Graphic\Model\Render\CSkinModelRender.cpp" />
    <ClCompile Include="Graphic\Model\animation\AnimationController.cpp" />
    <ClCompile Include="physics\PhysicsBaseObject.cpp" />
    <ClCompile Include="level\Level.cpp" />
    <ClCompile Include="level\MapChip.cpp" />
    <ClCompile Include="physics\BoxCollider.cpp" />
    <ClCompile Include="physics\SphereCollider.cpp" />
    <ClCompile Include="physics\MeshCollider.cpp" />
    <ClCompile Include="physics\MeshCollider.cpp" />
    <ClCompile Include="physics\character\CCharacterController.cpp" />
    <ClCompile Include="physics\PhysicsGhostObject.cpp" />
    <ClCompile Include="physics\PhysicsDynamicObject.cpp" />
    <ClCompile Include="physics\PhysicsDebugDraw.cpp" />
    <ClCompile Include="Render\PhysicsDebugDrawRender.cpp" />
    <ClCompile Include="Graphic\Font\CFont.cpp" />
    <ClCompile Include="collision\CCollisionObj.cpp" />
    <ClCompile Include="Render\CameraSwitchRender.cpp" />
    <ClCompile Include="Graphic\Sprite\CSprite.cpp" />
    <ClCompile Include="Graphic\Effekseer\EffekseerManager.cpp" />
    <ClCompile Include="Sound\SoundEngine.cpp" />
    <ClCompile Include="Graphic\Effekseer\CEffekseer.cpp" />
    <ClCompile Include="Render\EffekseerRender.cpp" />
    <ClCompile Include="Graphic\Shader\ShaderUtil.cpp" />
    <ClCompile Include="Network\PhotonManager.cpp" />
    <ClCompile Include="Render\GaussianBlurRender.cpp" />
    <ClCompile Include="Graphic\Model\MaterialSetting.cpp" />
    <ClCompile Include="Graphic\Shadowmap\CShadowMap.cpp" />
    <ClCompile Include="Graphic\Shadowmap\ShadowMapHandler.cpp" />
    <ClCompile Include="Sound\WAVManager.cpp" />
    <ClCompile Include="Sound\CSound.cpp" />
    <ClCompile Include="Sound\CSoundStreaming.cpp" />
    <ClCompile Include="Graphic\Shadowmap\CascadeShadowMap.cpp" />
    <ClCompile Include="Render\ConvertLinearToSRGBRender.cpp" />
    <ClCompile Include="Graphic\Model\Render\CInstancingModelRender.cpp" />
    <ClCompile Include="Graphic\Shadowmap\CascadeShadowHandler.cpp" />
    <ClCompile Include="Graphic\Sky\CSkybox.cpp" />
    <ClCompile Include="physics2\MeshData.cpp" />
    <ClCompile Include="physics2\Physics2.cpp" />
    <ClCompile Include="physics2\IPhysicsObject.cpp" />
    <ClCompile Include="Graphic\CLine.cpp" />
    <ClCompile Include="Render\PrimitiveRender.cpp" />
    <ClCompile Include="Render\BloomRender.cpp" />
    <ClCompile Include="Render\DepthOfFieldRender.cpp" />
    <ClCompile Include="Graphic\Model\SkeletonIK.cpp" />
    <ClCompile Include="Graphic\Billboard\CBillboard.cpp" />
    <ClCompile Include="Graphic\Billboard\CImposter.cpp" />
    <ClCompile Include="Graphic\Model\SkinModelEffectShader.cpp" />
    <ClCompile Include="Graphic\FrustumCulling.cpp" />
    <ClCompile Include="math\Plane.cpp" />
    <ClCompile Include="Render\PostDrawModelRender.cpp" />
    <ClCompile Include="Graphic\Factory\TextureFactory.cpp" />
    <ClCompile Include="Graphic\Particle\CParticle.cpp" />
    <ClCompile Include="Timer\CDeleteTimer.cpp" />
    <ClCompile Include="Render\InitRender.cpp" />
    <ClCompile Include="Graphic\Shader\StructuredBuffer.cpp" />
    <ClCompile Include="Render\PreRenderRender.cpp" />
    <ClCompile Include="Render\HUDRender.cpp" />
    <ClCompile Include="Render\DX12Render.cpp" />
    <ClCompile Include="Graphic\Shader\ShaderPreloader.cpp" />
    <ClCompile Include="GraphicsAPI\DirectX12\DX12Test.cpp" />
    <ClCompile Include="GraphicsAPI\DirectX11\DX11Test.cpp" />
  </ItemGroup>
  <ItemGroup>
    <CustomBuild Include="Preset\Font\myfile.spritefont" />
    <CustomBuild Include="Preset\shader\ambientocclusionCS.fx" />
    <CustomBuild Include="Preset\shader\defferd.fx" />
    <CustomBuild Include="Preset\shader\gaussianblur.fx" />
    <CustomBuild Include="Preset\shader\linePrimitive.fx" />
    <CustomBuild Include="Preset\shader\motionblurCS.fx" />
    <CustomBuild Include="Preset\shader\motionblurPS.fx" />
    <CustomBuild Include="Preset\shader\primitive.fx" />
    <CustomBuild Include="Preset\shader\MotionBlurHeader.h" />
    <CustomBuild Include="Preset\shader\LensDistortion.fx" />
    <CustomBuild Include="Preset\shader\model.fx" />
    <CustomBuild Include="Preset\shader\ShadowMapHeader.h" />
    <CustomBuild Include="Preset\modelData\sky.cmo" />
    <CustomBuild Include="Preset\shader\Bloom.fx" />
    <CustomBuild Include="Preset\sprite\Blackbody_Enumerated_6500K.dds" />
    <CustomBuild Include="Preset\shader\DOF.fx" />
    <CustomBuild Include="Preset\shader\TriPlanarMapping.fx" />
    <CustomBuild Include="Preset\modelData\billboard.cmo" />
    <CustomBuild Include="Preset\shader\Imposter.fx" />
    <CustomBuild Include="Preset\shader\billboard.fx" />
    <CustomBuild Include="Preset\shader\modelDisolve.fx" />
  </ItemGroup>
</Project>